{
  "name": "me",
  "version": "1.0.0",
  "lockfileVersion": 3,
  "dependencies": {
    "vite": {
      "version": "4.0.0",
      "resolved": "https://registry.npmjs.org/vite/-/vite-4.0.0.tgz",
      "integrity": "sha512-...",
      "dev": true
    },
    "react": {
      "version": "^18.0.0",
      "resolved": "https://registry.npmjs.org/react/-/react-18.0.0.tgz",
      "integrity": "sha512-...",
      "dev": false
    }
  }
}
